
Microsoft Visual Studio Solution File, Format Version 12.00
# Visual Studio Version 17
VisualStudioVersion = 17.10.35122.118
MinimumVisualStudioVersion = 10.0.40219.1
Project("{2150E333-8FDC-42A3-9474-1A3956D46DE8}") = "Tests", "Tests", "{65A17B86-3722-4A3A-A29E-46B04BC80A08}"
EndProject
Project("{FAE04EC0-301F-11D3-BF4B-00C04F79EFBC}") = "PAMT.Appointment.Test", "Tests\PAMT.Appointment.Test\PAMT.Appointment.Test.csproj", "{2F6CFCC7-D3A4-4DCC-829C-A86353298E43}"
EndProject
Project("{FAE04EC0-301F-11D3-BF4B-00C04F79EFBC}") = "PAMPT.EHR.Test", "Tests\PAMPT.EHR.Test\PAMPT.EHR.Test.csproj", "{F207522E-709F-4BEB-90C5-3541BCFF20AF}"
EndProject
Project("{FAE04EC0-301F-11D3-BF4B-00C04F79EFBC}") = "PAMPT.Report.Test", "Tests\PAMPT.Report.Test\PAMPT.Report.Test.csproj", "{BA8C2171-0466-46D3-A3D5-0DE3E7A49387}"
EndProject
Project("{FAE04EC0-301F-11D3-BF4B-00C04F79EFBC}") = "PAMPT.Security.Test", "Tests\PAMPT.Security.Test\PAMPT.Security.Test.csproj", "{AEE43C59-2902-4DAF-A585-FA3692B0217C}"
EndProject
Project("{FAE04EC0-301F-11D3-BF4B-00C04F79EFBC}") = "PAMT.Notofication.Test", "Tests\PAMT.Notofication.Test\PAMT.Notofication.Test.csproj", "{EAFFA08C-08BB-4DB6-B5BC-9BF78287F32F}"
EndProject
Project("{FAE04EC0-301F-11D3-BF4B-00C04F79EFBC}") = "PAMT.Telemedcine.Test", "Tests\PAMT.Telemedcine.Test\PAMT.Telemedcine.Test.csproj", "{531E22D7-D168-46A5-AA7B-84EF4B46A222}"
EndProject
Project("{FAE04EC0-301F-11D3-BF4B-00C04F79EFBC}") = "PAMT.UserManagement.Test", "Tests\PAMT.UserManagement.Test\PAMT.UserManagement.Test.csproj", "{4C5EB177-6F4F-44B4-AF67-154ED56581A5}"
EndProject
Project("{2150E333-8FDC-42A3-9474-1A3956D46DE8}") = "WebAPIs", "WebAPIs", "{6C2068F2-B905-4B67-A4D9-E5538C95216F}"
EndProject
Project("{9A19103F-16F7-4668-BE54-9A1E7A4F7556}") = "PAMPT.EHR", "src\WebAPIs\PAMPT.EHR\PAMPT.EHR.csproj", "{1369C7A0-2594-4B8C-B069-E6C8598627DD}"
EndProject
Project("{9A19103F-16F7-4668-BE54-9A1E7A4F7556}") = "PAMPT.Report", "src\WebAPIs\PAMPT.Report\PAMPT.Report.csproj", "{D5531EC4-23D7-4FE7-BA3D-02D50C8DF841}"
EndProject
Project("{9A19103F-16F7-4668-BE54-9A1E7A4F7556}") = "PAMPT.Security", "src\WebAPIs\PAMPT.Security\PAMPT.Security.csproj", "{6BFC1659-7434-4E43-954F-54F3E22C50FF}"
EndProject
Project("{9A19103F-16F7-4668-BE54-9A1E7A4F7556}") = "PAMT.Appointment", "src\WebAPIs\PAMT.Appointment\PAMT.Appointment.csproj", "{BC5B3F13-C464-4529-8ECE-2CA0BDC78C34}"
EndProject
Project("{9A19103F-16F7-4668-BE54-9A1E7A4F7556}") = "PAMT.Notofication", "src\WebAPIs\PAMT.Notofication\PAMT.Notofication.csproj", "{4D2C0288-DEF5-4922-BCF3-95B9BD133DAC}"
EndProject
Project("{9A19103F-16F7-4668-BE54-9A1E7A4F7556}") = "PAMT.Telemedicine", "src\WebAPIs\PAMT.Telemedcine\PAMT.Telemedicine.csproj", "{52B3BAE5-3127-4B01-83C7-9094E5E748B4}"
EndProject
Project("{9A19103F-16F7-4668-BE54-9A1E7A4F7556}") = "PAMT.UserManagement", "src\WebAPIs\PAMT.UserManagement\PAMT.UserManagement.csproj", "{8DA909D6-ED3B-4F9A-AFA8-CA239D626667}"
EndProject
Project("{2150E333-8FDC-42A3-9474-1A3956D46DE8}") = "PAMPT.AppHost", "PAMPT.AppHost", "{0BF3D9E8-0BAD-4B77-BE13-D9FA72ADC6DC}"
EndProject
Project("{9A19103F-16F7-4668-BE54-9A1E7A4F7556}") = "PAMPT.AppHost", "src\PAMPT.AppHost\PAMPT.AppHost.csproj", "{A40D4F8A-769B-4FB9-876D-70AFA4C2AA49}"
EndProject
Project("{2150E333-8FDC-42A3-9474-1A3956D46DE8}") = "PAMPT.ServiceDefaults", "PAMPT.ServiceDefaults", "{798B1A0B-5C92-4B9A-97A6-3A83482561C0}"
EndProject
Project("{9A19103F-16F7-4668-BE54-9A1E7A4F7556}") = "PAMPT.ServiceDefaults", "src\PAMPT.ServiceDefaults\PAMPT.ServiceDefaults.csproj", "{8EA30CF8-0BD5-4F4C-B5D2-D2D305BDC881}"
EndProject
Project("{2150E333-8FDC-42A3-9474-1A3956D46DE8}") = "PAMPT.WebUI", "PAMPT.WebUI", "{8F388B79-1896-447B-BABB-7EA3F032DB41}"
EndProject
Project("{9A19103F-16F7-4668-BE54-9A1E7A4F7556}") = "PAMPT.WebUI", "src\PAMPT.WebUI\PAMPT.WebUI.csproj", "{71FE4DF1-CB27-4507-B838-52268A3F76E6}"
EndProject
Project("{2150E333-8FDC-42A3-9474-1A3956D46DE8}") = "PAMPT.Applications", "PAMPT.Applications", "{8F569A72-8C54-4D7D-97AF-498E8D5F2B85}"
EndProject
Project("{9A19103F-16F7-4668-BE54-9A1E7A4F7556}") = "PAMT.Applications", "src\PAMT.Applications\PAMT.Applications.csproj", "{E4326806-F482-48BE-BD0D-8FF1D22D998C}"
EndProject
Project("{2150E333-8FDC-42A3-9474-1A3956D46DE8}") = "PAMT.Infrastructures", "PAMT.Infrastructures", "{15D26CA0-21B6-4D26-BB0A-F542A4B28096}"
EndProject
Project("{9A19103F-16F7-4668-BE54-9A1E7A4F7556}") = "PAMT.Infrastructures", "src\PAMT.Infrastructures\PAMT.Infrastructures.csproj", "{66A1F271-BED5-4E0D-8F5A-F5F2BEC6BF8B}"
EndProject
Project("{2150E333-8FDC-42A3-9474-1A3956D46DE8}") = "PAMPT.Domain", "PAMPT.Domain", "{9FD82FEE-ACEC-41F7-B40F-4E66FE5E170A}"
EndProject
Project("{FAE04EC0-301F-11D3-BF4B-00C04F79EFBC}") = "PAMPT.Domain", "src\PAMPT.Domain\PAMPT.Domain.csproj", "{E314CE9F-6781-40CC-8DD2-39194AD0361F}"
EndProject
Global
	GlobalSection(SolutionConfigurationPlatforms) = preSolution
		Debug|Any CPU = Debug|Any CPU
		Release|Any CPU = Release|Any CPU
	EndGlobalSection
	GlobalSection(ProjectConfigurationPlatforms) = postSolution
		{2F6CFCC7-D3A4-4DCC-829C-A86353298E43}.Debug|Any CPU.ActiveCfg = Debug|Any CPU
		{2F6CFCC7-D3A4-4DCC-829C-A86353298E43}.Debug|Any CPU.Build.0 = Debug|Any CPU
		{2F6CFCC7-D3A4-4DCC-829C-A86353298E43}.Release|Any CPU.ActiveCfg = Release|Any CPU
		{2F6CFCC7-D3A4-4DCC-829C-A86353298E43}.Release|Any CPU.Build.0 = Release|Any CPU
		{F207522E-709F-4BEB-90C5-3541BCFF20AF}.Debug|Any CPU.ActiveCfg = Debug|Any CPU
		{F207522E-709F-4BEB-90C5-3541BCFF20AF}.Debug|Any CPU.Build.0 = Debug|Any CPU
		{F207522E-709F-4BEB-90C5-3541BCFF20AF}.Release|Any CPU.ActiveCfg = Release|Any CPU
		{F207522E-709F-4BEB-90C5-3541BCFF20AF}.Release|Any CPU.Build.0 = Release|Any CPU
		{BA8C2171-0466-46D3-A3D5-0DE3E7A49387}.Debug|Any CPU.ActiveCfg = Debug|Any CPU
		{BA8C2171-0466-46D3-A3D5-0DE3E7A49387}.Debug|Any CPU.Build.0 = Debug|Any CPU
		{BA8C2171-0466-46D3-A3D5-0DE3E7A49387}.Release|Any CPU.ActiveCfg = Release|Any CPU
		{BA8C2171-0466-46D3-A3D5-0DE3E7A49387}.Release|Any CPU.Build.0 = Release|Any CPU
		{AEE43C59-2902-4DAF-A585-FA3692B0217C}.Debug|Any CPU.ActiveCfg = Debug|Any CPU
		{AEE43C59-2902-4DAF-A585-FA3692B0217C}.Debug|Any CPU.Build.0 = Debug|Any CPU
		{AEE43C59-2902-4DAF-A585-FA3692B0217C}.Release|Any CPU.ActiveCfg = Release|Any CPU
		{AEE43C59-2902-4DAF-A585-FA3692B0217C}.Release|Any CPU.Build.0 = Release|Any CPU
		{EAFFA08C-08BB-4DB6-B5BC-9BF78287F32F}.Debug|Any CPU.ActiveCfg = Debug|Any CPU
		{EAFFA08C-08BB-4DB6-B5BC-9BF78287F32F}.Debug|Any CPU.Build.0 = Debug|Any CPU
		{EAFFA08C-08BB-4DB6-B5BC-9BF78287F32F}.Release|Any CPU.ActiveCfg = Release|Any CPU
		{EAFFA08C-08BB-4DB6-B5BC-9BF78287F32F}.Release|Any CPU.Build.0 = Release|Any CPU
		{531E22D7-D168-46A5-AA7B-84EF4B46A222}.Debug|Any CPU.ActiveCfg = Debug|Any CPU
		{531E22D7-D168-46A5-AA7B-84EF4B46A222}.Debug|Any CPU.Build.0 = Debug|Any CPU
		{531E22D7-D168-46A5-AA7B-84EF4B46A222}.Release|Any CPU.ActiveCfg = Release|Any CPU
		{531E22D7-D168-46A5-AA7B-84EF4B46A222}.Release|Any CPU.Build.0 = Release|Any CPU
		{4C5EB177-6F4F-44B4-AF67-154ED56581A5}.Debug|Any CPU.ActiveCfg = Debug|Any CPU
		{4C5EB177-6F4F-44B4-AF67-154ED56581A5}.Debug|Any CPU.Build.0 = Debug|Any CPU
		{4C5EB177-6F4F-44B4-AF67-154ED56581A5}.Release|Any CPU.ActiveCfg = Release|Any CPU
		{4C5EB177-6F4F-44B4-AF67-154ED56581A5}.Release|Any CPU.Build.0 = Release|Any CPU
		{1369C7A0-2594-4B8C-B069-E6C8598627DD}.Debug|Any CPU.ActiveCfg = Debug|Any CPU
		{1369C7A0-2594-4B8C-B069-E6C8598627DD}.Debug|Any CPU.Build.0 = Debug|Any CPU
		{1369C7A0-2594-4B8C-B069-E6C8598627DD}.Release|Any CPU.ActiveCfg = Release|Any CPU
		{1369C7A0-2594-4B8C-B069-E6C8598627DD}.Release|Any CPU.Build.0 = Release|Any CPU
		{D5531EC4-23D7-4FE7-BA3D-02D50C8DF841}.Debug|Any CPU.ActiveCfg = Debug|Any CPU
		{D5531EC4-23D7-4FE7-BA3D-02D50C8DF841}.Debug|Any CPU.Build.0 = Debug|Any CPU
		{D5531EC4-23D7-4FE7-BA3D-02D50C8DF841}.Release|Any CPU.ActiveCfg = Release|Any CPU
		{D5531EC4-23D7-4FE7-BA3D-02D50C8DF841}.Release|Any CPU.Build.0 = Release|Any CPU
		{6BFC1659-7434-4E43-954F-54F3E22C50FF}.Debug|Any CPU.ActiveCfg = Debug|Any CPU
		{6BFC1659-7434-4E43-954F-54F3E22C50FF}.Debug|Any CPU.Build.0 = Debug|Any CPU
		{6BFC1659-7434-4E43-954F-54F3E22C50FF}.Release|Any CPU.ActiveCfg = Release|Any CPU
		{6BFC1659-7434-4E43-954F-54F3E22C50FF}.Release|Any CPU.Build.0 = Release|Any CPU
		{BC5B3F13-C464-4529-8ECE-2CA0BDC78C34}.Debug|Any CPU.ActiveCfg = Debug|Any CPU
		{BC5B3F13-C464-4529-8ECE-2CA0BDC78C34}.Debug|Any CPU.Build.0 = Debug|Any CPU
		{BC5B3F13-C464-4529-8ECE-2CA0BDC78C34}.Release|Any CPU.ActiveCfg = Release|Any CPU
		{BC5B3F13-C464-4529-8ECE-2CA0BDC78C34}.Release|Any CPU.Build.0 = Release|Any CPU
		{4D2C0288-DEF5-4922-BCF3-95B9BD133DAC}.Debug|Any CPU.ActiveCfg = Debug|Any CPU
		{4D2C0288-DEF5-4922-BCF3-95B9BD133DAC}.Debug|Any CPU.Build.0 = Debug|Any CPU
		{4D2C0288-DEF5-4922-BCF3-95B9BD133DAC}.Release|Any CPU.ActiveCfg = Release|Any CPU
		{4D2C0288-DEF5-4922-BCF3-95B9BD133DAC}.Release|Any CPU.Build.0 = Release|Any CPU
		{52B3BAE5-3127-4B01-83C7-9094E5E748B4}.Debug|Any CPU.ActiveCfg = Debug|Any CPU
		{52B3BAE5-3127-4B01-83C7-9094E5E748B4}.Debug|Any CPU.Build.0 = Debug|Any CPU
		{52B3BAE5-3127-4B01-83C7-9094E5E748B4}.Release|Any CPU.ActiveCfg = Release|Any CPU
		{52B3BAE5-3127-4B01-83C7-9094E5E748B4}.Release|Any CPU.Build.0 = Release|Any CPU
		{8DA909D6-ED3B-4F9A-AFA8-CA239D626667}.Debug|Any CPU.ActiveCfg = Debug|Any CPU
		{8DA909D6-ED3B-4F9A-AFA8-CA239D626667}.Debug|Any CPU.Build.0 = Debug|Any CPU
		{8DA909D6-ED3B-4F9A-AFA8-CA239D626667}.Release|Any CPU.ActiveCfg = Release|Any CPU
		{8DA909D6-ED3B-4F9A-AFA8-CA239D626667}.Release|Any CPU.Build.0 = Release|Any CPU
		{A40D4F8A-769B-4FB9-876D-70AFA4C2AA49}.Debug|Any CPU.ActiveCfg = Debug|Any CPU
		{A40D4F8A-769B-4FB9-876D-70AFA4C2AA49}.Debug|Any CPU.Build.0 = Debug|Any CPU
		{A40D4F8A-769B-4FB9-876D-70AFA4C2AA49}.Release|Any CPU.ActiveCfg = Release|Any CPU
		{A40D4F8A-769B-4FB9-876D-70AFA4C2AA49}.Release|Any CPU.Build.0 = Release|Any CPU
		{8EA30CF8-0BD5-4F4C-B5D2-D2D305BDC881}.Debug|Any CPU.ActiveCfg = Debug|Any CPU
		{8EA30CF8-0BD5-4F4C-B5D2-D2D305BDC881}.Debug|Any CPU.Build.0 = Debug|Any CPU
		{8EA30CF8-0BD5-4F4C-B5D2-D2D305BDC881}.Release|Any CPU.ActiveCfg = Release|Any CPU
		{8EA30CF8-0BD5-4F4C-B5D2-D2D305BDC881}.Release|Any CPU.Build.0 = Release|Any CPU
		{71FE4DF1-CB27-4507-B838-52268A3F76E6}.Debug|Any CPU.ActiveCfg = Debug|Any CPU
		{71FE4DF1-CB27-4507-B838-52268A3F76E6}.Debug|Any CPU.Build.0 = Debug|Any CPU
		{71FE4DF1-CB27-4507-B838-52268A3F76E6}.Release|Any CPU.ActiveCfg = Release|Any CPU
		{71FE4DF1-CB27-4507-B838-52268A3F76E6}.Release|Any CPU.Build.0 = Release|Any CPU
		{E4326806-F482-48BE-BD0D-8FF1D22D998C}.Debug|Any CPU.ActiveCfg = Debug|Any CPU
		{E4326806-F482-48BE-BD0D-8FF1D22D998C}.Debug|Any CPU.Build.0 = Debug|Any CPU
		{E4326806-F482-48BE-BD0D-8FF1D22D998C}.Release|Any CPU.ActiveCfg = Release|Any CPU
		{E4326806-F482-48BE-BD0D-8FF1D22D998C}.Release|Any CPU.Build.0 = Release|Any CPU
		{66A1F271-BED5-4E0D-8F5A-F5F2BEC6BF8B}.Debug|Any CPU.ActiveCfg = Debug|Any CPU
		{66A1F271-BED5-4E0D-8F5A-F5F2BEC6BF8B}.Debug|Any CPU.Build.0 = Debug|Any CPU
		{66A1F271-BED5-4E0D-8F5A-F5F2BEC6BF8B}.Release|Any CPU.ActiveCfg = Release|Any CPU
		{66A1F271-BED5-4E0D-8F5A-F5F2BEC6BF8B}.Release|Any CPU.Build.0 = Release|Any CPU
		{E314CE9F-6781-40CC-8DD2-39194AD0361F}.Debug|Any CPU.ActiveCfg = Debug|Any CPU
		{E314CE9F-6781-40CC-8DD2-39194AD0361F}.Debug|Any CPU.Build.0 = Debug|Any CPU
		{E314CE9F-6781-40CC-8DD2-39194AD0361F}.Release|Any CPU.ActiveCfg = Release|Any CPU
		{E314CE9F-6781-40CC-8DD2-39194AD0361F}.Release|Any CPU.Build.0 = Release|Any CPU
	EndGlobalSection
	GlobalSection(SolutionProperties) = preSolution
		HideSolutionNode = FALSE
	EndGlobalSection
	GlobalSection(NestedProjects) = preSolution
		{2F6CFCC7-D3A4-4DCC-829C-A86353298E43} = {65A17B86-3722-4A3A-A29E-46B04BC80A08}
		{F207522E-709F-4BEB-90C5-3541BCFF20AF} = {65A17B86-3722-4A3A-A29E-46B04BC80A08}
		{BA8C2171-0466-46D3-A3D5-0DE3E7A49387} = {65A17B86-3722-4A3A-A29E-46B04BC80A08}
		{AEE43C59-2902-4DAF-A585-FA3692B0217C} = {65A17B86-3722-4A3A-A29E-46B04BC80A08}
		{EAFFA08C-08BB-4DB6-B5BC-9BF78287F32F} = {65A17B86-3722-4A3A-A29E-46B04BC80A08}
		{531E22D7-D168-46A5-AA7B-84EF4B46A222} = {65A17B86-3722-4A3A-A29E-46B04BC80A08}
		{4C5EB177-6F4F-44B4-AF67-154ED56581A5} = {65A17B86-3722-4A3A-A29E-46B04BC80A08}
		{1369C7A0-2594-4B8C-B069-E6C8598627DD} = {6C2068F2-B905-4B67-A4D9-E5538C95216F}
		{D5531EC4-23D7-4FE7-BA3D-02D50C8DF841} = {6C2068F2-B905-4B67-A4D9-E5538C95216F}
		{6BFC1659-7434-4E43-954F-54F3E22C50FF} = {6C2068F2-B905-4B67-A4D9-E5538C95216F}
		{BC5B3F13-C464-4529-8ECE-2CA0BDC78C34} = {6C2068F2-B905-4B67-A4D9-E5538C95216F}
		{4D2C0288-DEF5-4922-BCF3-95B9BD133DAC} = {6C2068F2-B905-4B67-A4D9-E5538C95216F}
		{52B3BAE5-3127-4B01-83C7-9094E5E748B4} = {6C2068F2-B905-4B67-A4D9-E5538C95216F}
		{8DA909D6-ED3B-4F9A-AFA8-CA239D626667} = {6C2068F2-B905-4B67-A4D9-E5538C95216F}
		{A40D4F8A-769B-4FB9-876D-70AFA4C2AA49} = {0BF3D9E8-0BAD-4B77-BE13-D9FA72ADC6DC}
		{8EA30CF8-0BD5-4F4C-B5D2-D2D305BDC881} = {798B1A0B-5C92-4B9A-97A6-3A83482561C0}
		{71FE4DF1-CB27-4507-B838-52268A3F76E6} = {8F388B79-1896-447B-BABB-7EA3F032DB41}
		{E4326806-F482-48BE-BD0D-8FF1D22D998C} = {8F569A72-8C54-4D7D-97AF-498E8D5F2B85}
		{66A1F271-BED5-4E0D-8F5A-F5F2BEC6BF8B} = {15D26CA0-21B6-4D26-BB0A-F542A4B28096}
		{E314CE9F-6781-40CC-8DD2-39194AD0361F} = {9FD82FEE-ACEC-41F7-B40F-4E66FE5E170A}
	EndGlobalSection
	GlobalSection(ExtensibilityGlobals) = postSolution
		SolutionGuid = {95390121-83BF-4706-8F65-FA417F11EF62}
	EndGlobalSection
EndGlobal
